{
    "_meta": {
        "hash": {
            "sha256": "bec1fc5fa7924fcd71d71a6711db2cfd28b1281dd67783aa73c39dfe565f5d4e"
        },
        "requires": {},
        "sources": [
            {
                "url": "https://pypi.python.org/simple",
                "verify_ssl": true
            }
        ]
    },
    "default": {
        "click": {
            "version": "==6.7"
        },
        "flask": {
            "version": "==0.12.2"
        },
        "flask-sqlalchemy": {
            "version": "==2.2"
        },
        "gunicorn": {
            "version": "==19.7.1"
        },
        "itsdangerous": {
            "version": "==0.24"
        },
        "jinja2": {
            "version": "==2.9.6"
        },
        "markupsafe": {
            "version": "==1.0"
        },
        "psycopg2": {
            "version": "==2.7.3.1"
        },
        "py": {
            "version": "==1.4.34"
        },
        "pytest": {
            "version": "==3.2.1"
        },
        "setuptools": {
            "version": "==36.3.0"
        },
        "sqlalchemy": {
            "version": "==1.1.13"
        },
        "werkzeug": {
            "version": "==0.12.2"
        }
    },
    "develop": {}
}
