{
    "_meta": {
        "hash": {
            "sha256": "9ec5b406d3ba2740fbbc2d003d81a1bfeebfe88dd65eabb5d343a611d364e01c"
        },
        "requires": {},
        "sources": [
            {
                "url": "https://pypi.python.org/simple",
                "verify_ssl": true
            }
        ]
    },
    "default": {
        "click": {
            "version": "==6.7"
        },
        "flask": {
            "version": "==0.12.2"
        },
        "flask-sqlalchemy": {
            "version": "==2.2"
        },
        "gunicorn": {
            "version": "==19.7.1"
        },
        "itsdangerous": {
            "version": "==0.24"
        },
        "jinja2": {
            "version": "==2.9.6"
        },
        "markupsafe": {
            "version": "==1.0"
        },
        "sqlalchemy": {
            "version": "==1.1.13"
        },
        "werkzeug": {
            "version": "==0.12.2"
        }
    },
    "develop": {}
}
